
Microsoft Visual Studio Solution File, Format Version 12.00
# Visual Studio 15
VisualStudioVersion = 15.0.27703.2042
MinimumVisualStudioVersion = 10.0.40219.1
Project("{FAE04EC0-301F-11D3-BF4B-00C04F79EFBC}") = "PerfMonX", "PerfMonX\PerfMonX.csproj", "{6315E498-FC46-4F5C-8E99-474909C0496D}"
EndProject
Global
	GlobalSection(SolutionConfigurationPlatforms) = preSolution
		Debug|Any CPU = Debug|Any CPU
		Release|Any CPU = Release|Any CPU
	EndGlobalSection
	GlobalSection(ProjectConfigurationPlatforms) = postSolution
		{6315E498-FC46-4F5C-8E99-474909C0496D}.Debug|Any CPU.ActiveCfg = Debug|Any CPU
		{6315E498-FC46-4F5C-8E99-474909C0496D}.Debug|Any CPU.Build.0 = Debug|Any CPU
		{6315E498-FC46-4F5C-8E99-474909C0496D}.Release|Any CPU.ActiveCfg = Release|Any CPU
		{6315E498-FC46-4F5C-8E99-474909C0496D}.Release|Any CPU.Build.0 = Release|Any CPU
	EndGlobalSection
	GlobalSection(SolutionProperties) = preSolution
		HideSolutionNode = FALSE
	EndGlobalSection
	GlobalSection(ExtensibilityGlobals) = postSolution
		SolutionGuid = {4DF95BDF-5CE2-4A64-8725-0FDF471C03A5}
	EndGlobalSection
EndGlobal
